// !$*UTF8*$!
{
	archiveVersion = 1;
	classes = {
	};
	objectVersion = 50;
	objects = {

/* Begin PBXBuildFile section */
		BF46A00222B112F1003F0C2C /* KeyPathTesting.framework in Frameworks */ = {isa = PBXBuildFile; fileRef = BF9FB61822B0CC8E0085E8BE /* KeyPathTesting.framework */; };
		BF46A00D22B11503003F0C2C /* OperatorsTests.swift in Sources */ = {isa = PBXBuildFile; fileRef = BF46A00C22B11503003F0C2C /* OperatorsTests.swift */; };
		BF9FB61D22B0CC8E0085E8BE /* KeyPathTesting.h in Headers */ = {isa = PBXBuildFile; fileRef = BF9FB61B22B0CC8E0085E8BE /* KeyPathTesting.h */; settings = {ATTRIBUTES = (Public, ); }; };
		BF9FB62922B0CCAD0085E8BE /* Assertion.swift in Sources */ = {isa = PBXBuildFile; fileRef = BF9FB62822B0CCAD0085E8BE /* Assertion.swift */; };
		BF9FB62B22B0CCC20085E8BE /* AssertionBuilder.swift in Sources */ = {isa = PBXBuildFile; fileRef = BF9FB62A22B0CCC20085E8BE /* AssertionBuilder.swift */; };
		BF9FB62D22B0CCEE0085E8BE /* TopLevelFunctions.swift in Sources */ = {isa = PBXBuildFile; fileRef = BF9FB62C22B0CCEE0085E8BE /* TopLevelFunctions.swift */; };
		BF9FB63522B0CE710085E8BE /* Operators.swift in Sources */ = {isa = PBXBuildFile; fileRef = BF9FB63022B0CD8D0085E8BE /* Operators.swift */; };
/* End PBXBuildFile section */

/* Begin PBXContainerItemProxy section */
		BF46A00322B112F1003F0C2C /* PBXContainerItemProxy */ = {
			isa = PBXContainerItemProxy;
			containerPortal = BF9FB60F22B0CC8E0085E8BE /* Project object */;
			proxyType = 1;
			remoteGlobalIDString = BF9FB61722B0CC8E0085E8BE;
			remoteInfo = KeyPathTesting;
		};
/* End PBXContainerItemProxy section */

/* Begin PBXFileReference section */
		BF469FFD22B112F1003F0C2C /* KeyPathTestingTests.xctest */ = {isa = PBXFileReference; explicitFileType = wrapper.cfbundle; includeInIndex = 0; path = KeyPathTestingTests.xctest; sourceTree = BUILT_PRODUCTS_DIR; };
		BF46A00122B112F1003F0C2C /* Info.plist */ = {isa = PBXFileReference; lastKnownFileType = text.plist.xml; path = Info.plist; sourceTree = "<group>"; };
		BF46A00C22B11503003F0C2C /* OperatorsTests.swift */ = {isa = PBXFileReference; lastKnownFileType = sourcecode.swift; path = OperatorsTests.swift; sourceTree = "<group>"; };
		BF9FB61822B0CC8E0085E8BE /* KeyPathTesting.framework */ = {isa = PBXFileReference; explicitFileType = wrapper.framework; includeInIndex = 0; path = KeyPathTesting.framework; sourceTree = BUILT_PRODUCTS_DIR; };
		BF9FB61B22B0CC8E0085E8BE /* KeyPathTesting.h */ = {isa = PBXFileReference; lastKnownFileType = sourcecode.c.h; path = KeyPathTesting.h; sourceTree = "<group>"; };
		BF9FB61C22B0CC8E0085E8BE /* Info.plist */ = {isa = PBXFileReference; lastKnownFileType = text.plist.xml; path = Info.plist; sourceTree = "<group>"; };
		BF9FB62422B0CC990085E8BE /* XCTest.framework */ = {isa = PBXFileReference; lastKnownFileType = wrapper.framework; name = XCTest.framework; path = Platforms/iPhoneOS.platform/Developer/Library/Frameworks/XCTest.framework; sourceTree = DEVELOPER_DIR; };
		BF9FB62822B0CCAD0085E8BE /* Assertion.swift */ = {isa = PBXFileReference; lastKnownFileType = sourcecode.swift; path = Assertion.swift; sourceTree = "<group>"; };
		BF9FB62A22B0CCC20085E8BE /* AssertionBuilder.swift */ = {isa = PBXFileReference; lastKnownFileType = sourcecode.swift; path = AssertionBuilder.swift; sourceTree = "<group>"; };
		BF9FB62C22B0CCEE0085E8BE /* TopLevelFunctions.swift */ = {isa = PBXFileReference; lastKnownFileType = sourcecode.swift; path = TopLevelFunctions.swift; sourceTree = "<group>"; };
		BF9FB63022B0CD8D0085E8BE /* Operators.swift */ = {isa = PBXFileReference; lastKnownFileType = sourcecode.swift; path = Operators.swift; sourceTree = "<group>"; };
/* End PBXFileReference section */

/* Begin PBXFrameworksBuildPhase section */
		BF469FFA22B112F1003F0C2C /* Frameworks */ = {
			isa = PBXFrameworksBuildPhase;
			buildActionMask = 2147483647;
			files = (
				BF46A00222B112F1003F0C2C /* KeyPathTesting.framework in Frameworks */,
			);
			runOnlyForDeploymentPostprocessing = 0;
		};
		BF9FB61522B0CC8E0085E8BE /* Frameworks */ = {
			isa = PBXFrameworksBuildPhase;
			buildActionMask = 2147483647;
			files = (
			);
			runOnlyForDeploymentPostprocessing = 0;
		};
/* End PBXFrameworksBuildPhase section */

/* Begin PBXGroup section */
		BF469FFE22B112F1003F0C2C /* KeyPathTestingTests */ = {
			isa = PBXGroup;
			children = (
				BF46A00122B112F1003F0C2C /* Info.plist */,
				BF46A00822B11302003F0C2C /* Operators */,
			);
			path = KeyPathTestingTests;
			sourceTree = "<group>";
		};
		BF46A00822B11302003F0C2C /* Operators */ = {
			isa = PBXGroup;
			children = (
				BF46A00C22B11503003F0C2C /* OperatorsTests.swift */,
			);
			path = Operators;
			sourceTree = "<group>";
		};
		BF9FB60E22B0CC8E0085E8BE = {
			isa = PBXGroup;
			children = (
				BF9FB61A22B0CC8E0085E8BE /* KeyPathTesting */,
				BF469FFE22B112F1003F0C2C /* KeyPathTestingTests */,
				BF9FB61922B0CC8E0085E8BE /* Products */,
				BF9FB62322B0CC980085E8BE /* Frameworks */,
			);
			sourceTree = "<group>";
		};
		BF9FB61922B0CC8E0085E8BE /* Products */ = {
			isa = PBXGroup;
			children = (
				BF9FB61822B0CC8E0085E8BE /* KeyPathTesting.framework */,
				BF469FFD22B112F1003F0C2C /* KeyPathTestingTests.xctest */,
			);
			name = Products;
			sourceTree = "<group>";
		};
		BF9FB61A22B0CC8E0085E8BE /* KeyPathTesting */ = {
			isa = PBXGroup;
			children = (
				BF9FB62E22B0CD710085E8BE /* Assert */,
				BF9FB62F22B0CD7C0085E8BE /* Operators */,
				BF9FB61B22B0CC8E0085E8BE /* KeyPathTesting.h */,
				BF9FB61C22B0CC8E0085E8BE /* Info.plist */,
			);
			path = KeyPathTesting;
			sourceTree = "<group>";
		};
		BF9FB62322B0CC980085E8BE /* Frameworks */ = {
			isa = PBXGroup;
			children = (
				BF9FB62422B0CC990085E8BE /* XCTest.framework */,
			);
			name = Frameworks;
			sourceTree = "<group>";
		};
		BF9FB62E22B0CD710085E8BE /* Assert */ = {
			isa = PBXGroup;
			children = (
				BF9FB62822B0CCAD0085E8BE /* Assertion.swift */,
				BF9FB62A22B0CCC20085E8BE /* AssertionBuilder.swift */,
				BF9FB62C22B0CCEE0085E8BE /* TopLevelFunctions.swift */,
			);
			path = Assert;
			sourceTree = "<group>";
		};
		BF9FB62F22B0CD7C0085E8BE /* Operators */ = {
			isa = PBXGroup;
			children = (
				BF9FB63022B0CD8D0085E8BE /* Operators.swift */,
			);
			path = Operators;
			sourceTree = "<group>";
		};
/* End PBXGroup section */

/* Begin PBXHeadersBuildPhase section */
		BF9FB61322B0CC8E0085E8BE /* Headers */ = {
			isa = PBXHeadersBuildPhase;
			buildActionMask = 2147483647;
			files = (
				BF9FB61D22B0CC8E0085E8BE /* KeyPathTesting.h in Headers */,
			);
			runOnlyForDeploymentPostprocessing = 0;
		};
/* End PBXHeadersBuildPhase section */

/* Begin PBXNativeTarget section */
		BF469FFC22B112F1003F0C2C /* KeyPathTestingTests */ = {
			isa = PBXNativeTarget;
			buildConfigurationList = BF46A00722B112F1003F0C2C /* Build configuration list for PBXNativeTarget "KeyPathTestingTests" */;
			buildPhases = (
				BF469FF922B112F1003F0C2C /* Sources */,
				BF469FFA22B112F1003F0C2C /* Frameworks */,
				BF469FFB22B112F1003F0C2C /* Resources */,
			);
			buildRules = (
			);
			dependencies = (
				BF46A00422B112F1003F0C2C /* PBXTargetDependency */,
			);
			name = KeyPathTestingTests;
			productName = KeyPathTestingTests;
			productReference = BF469FFD22B112F1003F0C2C /* KeyPathTestingTests.xctest */;
			productType = "com.apple.product-type.bundle.unit-test";
		};
		BF9FB61722B0CC8E0085E8BE /* KeyPathTesting */ = {
			isa = PBXNativeTarget;
			buildConfigurationList = BF9FB62022B0CC8E0085E8BE /* Build configuration list for PBXNativeTarget "KeyPathTesting" */;
			buildPhases = (
				BF9FB61322B0CC8E0085E8BE /* Headers */,
				BF9FB61422B0CC8E0085E8BE /* Sources */,
				BF9FB61522B0CC8E0085E8BE /* Frameworks */,
				BF9FB61622B0CC8E0085E8BE /* Resources */,
			);
			buildRules = (
			);
			dependencies = (
			);
			name = KeyPathTesting;
			productName = KeyPathTesting;
			productReference = BF9FB61822B0CC8E0085E8BE /* KeyPathTesting.framework */;
			productType = "com.apple.product-type.framework";
		};
/* End PBXNativeTarget section */

/* Begin PBXProject section */
		BF9FB60F22B0CC8E0085E8BE /* Project object */ = {
			isa = PBXProject;
			attributes = {
				LastSwiftUpdateCheck = 1100;
				LastUpgradeCheck = 1250;
				ORGANIZATIONNAME = Vincent;
				TargetAttributes = {
					BF469FFC22B112F1003F0C2C = {
						CreatedOnToolsVersion = 11.0;
						LastSwiftMigration = 1100;
					};
					BF9FB61722B0CC8E0085E8BE = {
						CreatedOnToolsVersion = 11.0;
						LastSwiftMigration = 1100;
					};
				};
			};
			buildConfigurationList = BF9FB61222B0CC8E0085E8BE /* Build configuration list for PBXProject "KeyPathTesting" */;
			compatibilityVersion = "Xcode 9.3";
			developmentRegion = en;
			hasScannedForEncodings = 0;
			knownRegions = (
				en,
				Base,
			);
			mainGroup = BF9FB60E22B0CC8E0085E8BE;
			productRefGroup = BF9FB61922B0CC8E0085E8BE /* Products */;
			projectDirPath = "";
			projectRoot = "";
			targets = (
				BF9FB61722B0CC8E0085E8BE /* KeyPathTesting */,
				BF469FFC22B112F1003F0C2C /* KeyPathTestingTests */,
			);
		};
/* End PBXProject section */

/* Begin PBXResourcesBuildPhase section */
		BF469FFB22B112F1003F0C2C /* Resources */ = {
			isa = PBXResourcesBuildPhase;
			buildActionMask = 2147483647;
			files = (
			);
			runOnlyForDeploymentPostprocessing = 0;
		};
		BF9FB61622B0CC8E0085E8BE /* Resources */ = {
			isa = PBXResourcesBuildPhase;
			buildActionMask = 2147483647;
			files = (
			);
			runOnlyForDeploymentPostprocessing = 0;
		};
/* End PBXResourcesBuildPhase section */

/* Begin PBXSourcesBuildPhase section */
		BF469FF922B112F1003F0C2C /* Sources */ = {
			isa = PBXSourcesBuildPhase;
			buildActionMask = 2147483647;
			files = (
				BF46A00D22B11503003F0C2C /* OperatorsTests.swift in Sources */,
			);
			runOnlyForDeploymentPostprocessing = 0;
		};
		BF9FB61422B0CC8E0085E8BE /* Sources */ = {
			isa = PBXSourcesBuildPhase;
			buildActionMask = 2147483647;
			files = (
				BF9FB62D22B0CCEE0085E8BE /* TopLevelFunctions.swift in Sources */,
				BF9FB63522B0CE710085E8BE /* Operators.swift in Sources */,
				BF9FB62922B0CCAD0085E8BE /* Assertion.swift in Sources */,
				BF9FB62B22B0CCC20085E8BE /* AssertionBuilder.swift in Sources */,
			);
			runOnlyForDeploymentPostprocessing = 0;
		};
/* End PBXSourcesBuildPhase section */

/* Begin PBXTargetDependency section */
		BF46A00422B112F1003F0C2C /* PBXTargetDependency */ = {
			isa = PBXTargetDependency;
			target = BF9FB61722B0CC8E0085E8BE /* KeyPathTesting */;
			targetProxy = BF46A00322B112F1003F0C2C /* PBXContainerItemProxy */;
		};
/* End PBXTargetDependency section */

/* Begin XCBuildConfiguration section */
		BF46A00522B112F1003F0C2C /* Debug */ = {
			isa = XCBuildConfiguration;
			buildSettings = {
				CLANG_ENABLE_MODULES = YES;
				CODE_SIGN_STYLE = Automatic;
				DEVELOPMENT_TEAM = 2937XWQ9VF;
				INFOPLIST_FILE = KeyPathTestingTests/Info.plist;
				LD_RUNPATH_SEARCH_PATHS = (
					"$(inherited)",
					"@executable_path/Frameworks",
					"@loader_path/Frameworks",
				);
				PRODUCT_BUNDLE_IDENTIFIER = com.vincent.pradeilles.KeyPathTestingTests;
				PRODUCT_NAME = "$(TARGET_NAME)";
				SWIFT_OPTIMIZATION_LEVEL = "-Onone";
				SWIFT_VERSION = 5.0;
				TARGETED_DEVICE_FAMILY = "1,2";
			};
			name = Debug;
		};
		BF46A00622B112F1003F0C2C /* Release */ = {
			isa = XCBuildConfiguration;
			buildSettings = {
				CLANG_ENABLE_MODULES = YES;
				CODE_SIGN_STYLE = Automatic;
				DEVELOPMENT_TEAM = 2937XWQ9VF;
				INFOPLIST_FILE = KeyPathTestingTests/Info.plist;
				LD_RUNPATH_SEARCH_PATHS = (
					"$(inherited)",
					"@executable_path/Frameworks",
					"@loader_path/Frameworks",
				);
				PRODUCT_BUNDLE_IDENTIFIER = com.vincent.pradeilles.KeyPathTestingTests;
				PRODUCT_NAME = "$(TARGET_NAME)";
				SWIFT_VERSION = 5.0;
				TARGETED_DEVICE_FAMILY = "1,2";
			};
			name = Release;
		};
		BF9FB61E22B0CC8E0085E8BE /* Debug */ = {
			isa = XCBuildConfiguration;
			buildSettings = {
				ALWAYS_SEARCH_USER_PATHS = NO;
				CLANG_ANALYZER_NONNULL = YES;
				CLANG_ANALYZER_NUMBER_OBJECT_CONVERSION = YES_AGGRESSIVE;
				CLANG_CXX_LANGUAGE_STANDARD = "gnu++14";
				CLANG_CXX_LIBRARY = "libc++";
				CLANG_ENABLE_MODULES = YES;
				CLANG_ENABLE_OBJC_ARC = YES;
				CLANG_ENABLE_OBJC_WEAK = YES;
				CLANG_WARN_BLOCK_CAPTURE_AUTORELEASING = YES;
				CLANG_WARN_BOOL_CONVERSION = YES;
				CLANG_WARN_COMMA = YES;
				CLANG_WARN_CONSTANT_CONVERSION = YES;
				CLANG_WARN_DEPRECATED_OBJC_IMPLEMENTATIONS = YES;
				CLANG_WARN_DIRECT_OBJC_ISA_USAGE = YES_ERROR;
				CLANG_WARN_DOCUMENTATION_COMMENTS = YES;
				CLANG_WARN_EMPTY_BODY = YES;
				CLANG_WARN_ENUM_CONVERSION = YES;
				CLANG_WARN_INFINITE_RECURSION = YES;
				CLANG_WARN_INT_CONVERSION = YES;
				CLANG_WARN_NON_LITERAL_NULL_CONVERSION = YES;
				CLANG_WARN_OBJC_IMPLICIT_RETAIN_SELF = YES;
				CLANG_WARN_OBJC_LITERAL_CONVERSION = YES;
				CLANG_WARN_OBJC_ROOT_CLASS = YES_ERROR;
				CLANG_WARN_QUOTED_INCLUDE_IN_FRAMEWORK_HEADER = YES;
				CLANG_WARN_RANGE_LOOP_ANALYSIS = YES;
				CLANG_WARN_STRICT_PROTOTYPES = YES;
				CLANG_WARN_SUSPICIOUS_MOVE = YES;
				CLANG_WARN_UNGUARDED_AVAILABILITY = YES_AGGRESSIVE;
				CLANG_WARN_UNREACHABLE_CODE = YES;
				CLANG_WARN__DUPLICATE_METHOD_MATCH = YES;
				COPY_PHASE_STRIP = NO;
				CURRENT_PROJECT_VERSION = 1;
				DEBUG_INFORMATION_FORMAT = dwarf;
				ENABLE_STRICT_OBJC_MSGSEND = YES;
				ENABLE_TESTABILITY = YES;
				GCC_C_LANGUAGE_STANDARD = gnu11;
				GCC_DYNAMIC_NO_PIC = NO;
				GCC_NO_COMMON_BLOCKS = YES;
				GCC_OPTIMIZATION_LEVEL = 0;
				GCC_PREPROCESSOR_DEFINITIONS = (
					"DEBUG=1",
					"$(inherited)",
				);
				GCC_WARN_64_TO_32_BIT_CONVERSION = YES;
				GCC_WARN_ABOUT_RETURN_TYPE = YES_ERROR;
				GCC_WARN_UNDECLARED_SELECTOR = YES;
				GCC_WARN_UNINITIALIZED_AUTOS = YES_AGGRESSIVE;
				GCC_WARN_UNUSED_FUNCTION = YES;
				GCC_WARN_UNUSED_VARIABLE = YES;
				IPHONEOS_DEPLOYMENT_TARGET = 13.0;
				MTL_ENABLE_DEBUG_INFO = INCLUDE_SOURCE;
				MTL_FAST_MATH = YES;
				ONLY_ACTIVE_ARCH = YES;
				SDKROOT = iphoneos;
				SWIFT_ACTIVE_COMPILATION_CONDITIONS = DEBUG;
				SWIFT_OPTIMIZATION_LEVEL = "-Onone";
				VERSIONING_SYSTEM = "apple-generic";
				VERSION_INFO_PREFIX = "";
			};
			name = Debug;
		};
		BF9FB61F22B0CC8E0085E8BE /* Release */ = {
			isa = XCBuildConfiguration;
			buildSettings = {
				ALWAYS_SEARCH_USER_PATHS = NO;
				CLANG_ANALYZER_NONNULL = YES;
				CLANG_ANALYZER_NUMBER_OBJECT_CONVERSION = YES_AGGRESSIVE;
				CLANG_CXX_LANGUAGE_STANDARD = "gnu++14";
				CLANG_CXX_LIBRARY = "libc++";
				CLANG_ENABLE_MODULES = YES;
				CLANG_ENABLE_OBJC_ARC = YES;
				CLANG_ENABLE_OBJC_WEAK = YES;
				CLANG_WARN_BLOCK_CAPTURE_AUTORELEASING = YES;
				CLANG_WARN_BOOL_CONVERSION = YES;
				CLANG_WARN_COMMA = YES;
				CLANG_WARN_CONSTANT_CONVERSION = YES;
				CLANG_WARN_DEPRECATED_OBJC_IMPLEMENTATIONS = YES;
				CLANG_WARN_DIRECT_OBJC_ISA_USAGE = YES_ERROR;
				CLANG_WARN_DOCUMENTATION_COMMENTS = YES;
				CLANG_WARN_EMPTY_BODY = YES;
				CLANG_WARN_ENUM_CONVERSION = YES;
				CLANG_WARN_INFINITE_RECURSION = YES;
				CLANG_WARN_INT_CONVERSION = YES;
				CLANG_WARN_NON_LITERAL_NULL_CONVERSION = YES;
				CLANG_WARN_OBJC_IMPLICIT_RETAIN_SELF = YES;
				CLANG_WARN_OBJC_LITERAL_CONVERSION = YES;
				CLANG_WARN_OBJC_ROOT_CLASS = YES_ERROR;
				CLANG_WARN_QUOTED_INCLUDE_IN_FRAMEWORK_HEADER = YES;
				CLANG_WARN_RANGE_LOOP_ANALYSIS = YES;
				CLANG_WARN_STRICT_PROTOTYPES = YES;
				CLANG_WARN_SUSPICIOUS_MOVE = YES;
				CLANG_WARN_UNGUARDED_AVAILABILITY = YES_AGGRESSIVE;
				CLANG_WARN_UNREACHABLE_CODE = YES;
				CLANG_WARN__DUPLICATE_METHOD_MATCH = YES;
				COPY_PHASE_STRIP = NO;
				CURRENT_PROJECT_VERSION = 1;
				DEBUG_INFORMATION_FORMAT = "dwarf-with-dsym";
				ENABLE_NS_ASSERTIONS = NO;
				ENABLE_STRICT_OBJC_MSGSEND = YES;
				GCC_C_LANGUAGE_STANDARD = gnu11;
				GCC_NO_COMMON_BLOCKS = YES;
				GCC_WARN_64_TO_32_BIT_CONVERSION = YES;
				GCC_WARN_ABOUT_RETURN_TYPE = YES_ERROR;
				GCC_WARN_UNDECLARED_SELECTOR = YES;
				GCC_WARN_UNINITIALIZED_AUTOS = YES_AGGRESSIVE;
				GCC_WARN_UNUSED_FUNCTION = YES;
				GCC_WARN_UNUSED_VARIABLE = YES;
				IPHONEOS_DEPLOYMENT_TARGET = 13.0;
				MTL_ENABLE_DEBUG_INFO = NO;
				MTL_FAST_MATH = YES;
				SDKROOT = iphoneos;
				SWIFT_COMPILATION_MODE = wholemodule;
				SWIFT_OPTIMIZATION_LEVEL = "-O";
				VALIDATE_PRODUCT = YES;
				VERSIONING_SYSTEM = "apple-generic";
				VERSION_INFO_PREFIX = "";
			};
			name = Release;
		};
		BF9FB62122B0CC8E0085E8BE /* Debug */ = {
			isa = XCBuildConfiguration;
			buildSettings = {
				CLANG_ENABLE_MODULES = YES;
				CODE_SIGN_STYLE = Automatic;
				DEFINES_MODULE = YES;
				DEVELOPMENT_TEAM = 2937XWQ9VF;
				DYLIB_COMPATIBILITY_VERSION = 1;
				DYLIB_CURRENT_VERSION = 1;
				DYLIB_INSTALL_NAME_BASE = "@rpath";
				FRAMEWORK_SEARCH_PATHS = (
					"$(PLATFORM_DIR)/Developer/Library/Frameworks",
					"$(DEVELOPER_FRAMEWORKS_DIR)",
				);
				INFOPLIST_FILE = KeyPathTesting/Info.plist;
				INSTALL_PATH = "$(LOCAL_LIBRARY_DIR)/Frameworks";
				LD_RUNPATH_SEARCH_PATHS = (
					"$(inherited)",
					"@executable_path/Frameworks",
					"@loader_path/Frameworks",
				);
				OTHER_LDFLAGS = (
					"-weak_framework",
					XCTest,
					"-weak-lXCTestSwiftSupport",
				);
				PRODUCT_BUNDLE_IDENTIFIER = fr.vincentpradeilles.KeyPathTesting;
				PRODUCT_NAME = "$(TARGET_NAME:c99extidentifier)";
				SKIP_INSTALL = YES;
				SWIFT_OPTIMIZATION_LEVEL = "-Onone";
				SWIFT_VERSION = 5.0;
				TARGETED_DEVICE_FAMILY = "1,2";
			};
			name = Debug;
		};
		BF9FB62222B0CC8E0085E8BE /* Release */ = {
			isa = XCBuildConfiguration;
			buildSettings = {
				CLANG_ENABLE_MODULES = YES;
				CODE_SIGN_STYLE = Automatic;
				DEFINES_MODULE = YES;
				DEVELOPMENT_TEAM = 2937XWQ9VF;
				DYLIB_COMPATIBILITY_VERSION = 1;
				DYLIB_CURRENT_VERSION = 1;
				DYLIB_INSTALL_NAME_BASE = "@rpath";
				FRAMEWORK_SEARCH_PATHS = (
					"$(PLATFORM_DIR)/Developer/Library/Frameworks",
					"$(DEVELOPER_FRAMEWORKS_DIR)",
				);
				INFOPLIST_FILE = KeyPathTesting/Info.plist;
				INSTALL_PATH = "$(LOCAL_LIBRARY_DIR)/Frameworks";
				LD_RUNPATH_SEARCH_PATHS = (
					"$(inherited)",
					"@executable_path/Frameworks",
					"@loader_path/Frameworks",
				);
				OTHER_LDFLAGS = (
					"-weak_framework",
					XCTest,
					"-weak-lXCTestSwiftSupport",
				);
				PRODUCT_BUNDLE_IDENTIFIER = fr.vincentpradeilles.KeyPathTesting;
				PRODUCT_NAME = "$(TARGET_NAME:c99extidentifier)";
				SKIP_INSTALL = YES;
				SWIFT_VERSION = 5.0;
				TARGETED_DEVICE_FAMILY = "1,2";
			};
			name = Release;
		};
/* End XCBuildConfiguration section */

/* Begin XCConfigurationList section */
		BF46A00722B112F1003F0C2C /* Build configuration list for PBXNativeTarget "KeyPathTestingTests" */ = {
			isa = XCConfigurationList;
			buildConfigurations = (
				BF46A00522B112F1003F0C2C /* Debug */,
				BF46A00622B112F1003F0C2C /* Release */,
			);
			defaultConfigurationIsVisible = 0;
			defaultConfigurationName = Release;
		};
		BF9FB61222B0CC8E0085E8BE /* Build configuration list for PBXProject "KeyPathTesting" */ = {
			isa = XCConfigurationList;
			buildConfigurations = (
				BF9FB61E22B0CC8E0085E8BE /* Debug */,
				BF9FB61F22B0CC8E0085E8BE /* Release */,
			);
			defaultConfigurationIsVisible = 0;
			defaultConfigurationName = Release;
		};
		BF9FB62022B0CC8E0085E8BE /* Build configuration list for PBXNativeTarget "KeyPathTesting" */ = {
			isa = XCConfigurationList;
			buildConfigurations = (
				BF9FB62122B0CC8E0085E8BE /* Debug */,
				BF9FB62222B0CC8E0085E8BE /* Release */,
			);
			defaultConfigurationIsVisible = 0;
			defaultConfigurationName = Release;
		};
/* End XCConfigurationList section */
	};
	rootObject = BF9FB60F22B0CC8E0085E8BE /* Project object */;
}
